# This file is automatically @generated by Cargo.
# It is not intended for manual editing.
[[package]]
name = "mock-io"
version = "0.1.0"
source = "git+https://github.com/carllerche/mock-io#ad690f745986288a04e4cc4fa4dda5c84966db9e"

[[package]]
name = "rxprog"
version = "0.1.0"
dependencies = [
 "mock-io 0.1.0 (git+https://github.com/carllerche/mock-io)",
]

[metadata]
"checksum mock-io 0.1.0 (git+https://github.com/carllerche/mock-io)" = "<none>"
