# This file is automatically @generated by Cargo.
# It is not intended for manual editing.
[[package]]
name = "mockstream"
version = "0.0.3"
source = "registry+https://github.com/rust-lang/crates.io-index"

[[package]]
name = "rxprog"
version = "0.1.0"
dependencies = [
 "mockstream 0.0.3 (registry+https://github.com/rust-lang/crates.io-index)",
]

[metadata]
"checksum mockstream 0.0.3 (registry+https://github.com/rust-lang/crates.io-index)" = "35bbe0c0c9d254b463b13734bc361d1423289547e052b1e77e5a77292496ba2e"
